
Microsoft Visual Studio Solution File, Format Version 12.00
# Visual Studio Version 16
VisualStudioVersion = 16.0.30517.126
MinimumVisualStudioVersion = 10.0.40219.1
Project("{8BC9CEB8-8B4A-11D0-8D11-00A0C91BC942}") = "lab_01", "lab_01\lab_01.vcxproj", "{7190FAC8-032A-4D64-875C-599E19F741AC}"
EndProject
Project("{8BC9CEB8-8B4A-11D0-8D11-00A0C91BC942}") = "lab_03", "lab_03\lab_03.vcxproj", "{01290A3D-4F59-4248-973F-0B0AE3FECACC}"
EndProject
Project("{8BC9CEB8-8B4A-11D0-8D11-00A0C91BC942}") = "lab_04", "lab_04\lab_04.vcxproj", "{06ECBBC1-00E4-46BF-9F36-F1B6A9D82006}"
EndProject
Project("{8BC9CEB8-8B4A-11D0-8D11-00A0C91BC942}") = "lab_02_ex2.1", "lab_02_ex2.1\lab_02_ex2.1.vcxproj", "{1CDDFF0D-3DDE-430C-8B59-796CE95F2A0A}"
EndProject
Project("{8BC9CEB8-8B4A-11D0-8D11-00A0C91BC942}") = "lab_02_ex2.2", "lab_02_ex2.2\lab_02_ex2.2.vcxproj", "{F35BE1CF-9343-4358-8B61-960CD861ABCE}"
EndProject
Project("{8BC9CEB8-8B4A-11D0-8D11-00A0C91BC942}") = "lab_02_ex2.3", "lab_02_ex2.3\lab_02_ex2.3.vcxproj", "{683B59BD-C05F-4CF6-AFC5-3B79DE4F8A18}"
EndProject
Project("{8BC9CEB8-8B4A-11D0-8D11-00A0C91BC942}") = "test", "test\test.vcxproj", "{F99DC1EC-A6CF-4210-B27E-12EB6BA11838}"
EndProject
Project("{8BC9CEB8-8B4A-11D0-8D11-00A0C91BC942}") = "lab_05", "lab_05\lab_05.vcxproj", "{ACD76F5F-BDD0-45CD-9388-8F36D044CB81}"
EndProject
Project("{8BC9CEB8-8B4A-11D0-8D11-00A0C91BC942}") = "lab_04_quest4", "lab_04_quest4\lab_04_quest4.vcxproj", "{4EF33A78-4A27-42D7-8628-53C5634A5116}"
EndProject
Project("{8BC9CEB8-8B4A-11D0-8D11-00A0C91BC942}") = "lab_04_quest5", "lab_04_quest5\lab_04_quest5.vcxproj", "{6AA38D1D-78A4-457D-BB92-34EEF3714ED2}"
EndProject
Global
	GlobalSection(SolutionConfigurationPlatforms) = preSolution
		Debug|ARM = Debug|ARM
		Debug|ARM64 = Debug|ARM64
		Debug|x64 = Debug|x64
		Debug|x86 = Debug|x86
		Release|ARM = Release|ARM
		Release|ARM64 = Release|ARM64
		Release|x64 = Release|x64
		Release|x86 = Release|x86
	EndGlobalSection
	GlobalSection(ProjectConfigurationPlatforms) = postSolution
		{7190FAC8-032A-4D64-875C-599E19F741AC}.Debug|ARM.ActiveCfg = Debug|Win32
		{7190FAC8-032A-4D64-875C-599E19F741AC}.Debug|ARM64.ActiveCfg = Debug|Win32
		{7190FAC8-032A-4D64-875C-599E19F741AC}.Debug|x64.ActiveCfg = Debug|x64
		{7190FAC8-032A-4D64-875C-599E19F741AC}.Debug|x64.Build.0 = Debug|x64
		{7190FAC8-032A-4D64-875C-599E19F741AC}.Debug|x86.ActiveCfg = Debug|Win32
		{7190FAC8-032A-4D64-875C-599E19F741AC}.Debug|x86.Build.0 = Debug|Win32
		{7190FAC8-032A-4D64-875C-599E19F741AC}.Release|ARM.ActiveCfg = Release|Win32
		{7190FAC8-032A-4D64-875C-599E19F741AC}.Release|ARM64.ActiveCfg = Release|Win32
		{7190FAC8-032A-4D64-875C-599E19F741AC}.Release|x64.ActiveCfg = Release|x64
		{7190FAC8-032A-4D64-875C-599E19F741AC}.Release|x64.Build.0 = Release|x64
		{7190FAC8-032A-4D64-875C-599E19F741AC}.Release|x86.ActiveCfg = Release|Win32
		{7190FAC8-032A-4D64-875C-599E19F741AC}.Release|x86.Build.0 = Release|Win32
		{01290A3D-4F59-4248-973F-0B0AE3FECACC}.Debug|ARM.ActiveCfg = Debug|Win32
		{01290A3D-4F59-4248-973F-0B0AE3FECACC}.Debug|ARM64.ActiveCfg = Debug|Win32
		{01290A3D-4F59-4248-973F-0B0AE3FECACC}.Debug|x64.ActiveCfg = Debug|x64
		{01290A3D-4F59-4248-973F-0B0AE3FECACC}.Debug|x64.Build.0 = Debug|x64
		{01290A3D-4F59-4248-973F-0B0AE3FECACC}.Debug|x86.ActiveCfg = Debug|Win32
		{01290A3D-4F59-4248-973F-0B0AE3FECACC}.Debug|x86.Build.0 = Debug|Win32
		{01290A3D-4F59-4248-973F-0B0AE3FECACC}.Release|ARM.ActiveCfg = Release|Win32
		{01290A3D-4F59-4248-973F-0B0AE3FECACC}.Release|ARM64.ActiveCfg = Release|Win32
		{01290A3D-4F59-4248-973F-0B0AE3FECACC}.Release|x64.ActiveCfg = Release|x64
		{01290A3D-4F59-4248-973F-0B0AE3FECACC}.Release|x64.Build.0 = Release|x64
		{01290A3D-4F59-4248-973F-0B0AE3FECACC}.Release|x86.ActiveCfg = Release|Win32
		{01290A3D-4F59-4248-973F-0B0AE3FECACC}.Release|x86.Build.0 = Release|Win32
		{06ECBBC1-00E4-46BF-9F36-F1B6A9D82006}.Debug|ARM.ActiveCfg = Debug|Win32
		{06ECBBC1-00E4-46BF-9F36-F1B6A9D82006}.Debug|ARM64.ActiveCfg = Debug|Win32
		{06ECBBC1-00E4-46BF-9F36-F1B6A9D82006}.Debug|x64.ActiveCfg = Debug|x64
		{06ECBBC1-00E4-46BF-9F36-F1B6A9D82006}.Debug|x64.Build.0 = Debug|x64
		{06ECBBC1-00E4-46BF-9F36-F1B6A9D82006}.Debug|x86.ActiveCfg = Debug|Win32
		{06ECBBC1-00E4-46BF-9F36-F1B6A9D82006}.Debug|x86.Build.0 = Debug|Win32
		{06ECBBC1-00E4-46BF-9F36-F1B6A9D82006}.Release|ARM.ActiveCfg = Release|Win32
		{06ECBBC1-00E4-46BF-9F36-F1B6A9D82006}.Release|ARM64.ActiveCfg = Release|Win32
		{06ECBBC1-00E4-46BF-9F36-F1B6A9D82006}.Release|x64.ActiveCfg = Release|x64
		{06ECBBC1-00E4-46BF-9F36-F1B6A9D82006}.Release|x64.Build.0 = Release|x64
		{06ECBBC1-00E4-46BF-9F36-F1B6A9D82006}.Release|x86.ActiveCfg = Release|Win32
		{06ECBBC1-00E4-46BF-9F36-F1B6A9D82006}.Release|x86.Build.0 = Release|Win32
		{1CDDFF0D-3DDE-430C-8B59-796CE95F2A0A}.Debug|ARM.ActiveCfg = Debug|Win32
		{1CDDFF0D-3DDE-430C-8B59-796CE95F2A0A}.Debug|ARM64.ActiveCfg = Debug|Win32
		{1CDDFF0D-3DDE-430C-8B59-796CE95F2A0A}.Debug|x64.ActiveCfg = Debug|x64
		{1CDDFF0D-3DDE-430C-8B59-796CE95F2A0A}.Debug|x64.Build.0 = Debug|x64
		{1CDDFF0D-3DDE-430C-8B59-796CE95F2A0A}.Debug|x86.ActiveCfg = Debug|Win32
		{1CDDFF0D-3DDE-430C-8B59-796CE95F2A0A}.Debug|x86.Build.0 = Debug|Win32
		{1CDDFF0D-3DDE-430C-8B59-796CE95F2A0A}.Release|ARM.ActiveCfg = Release|Win32
		{1CDDFF0D-3DDE-430C-8B59-796CE95F2A0A}.Release|ARM64.ActiveCfg = Release|Win32
		{1CDDFF0D-3DDE-430C-8B59-796CE95F2A0A}.Release|x64.ActiveCfg = Release|x64
		{1CDDFF0D-3DDE-430C-8B59-796CE95F2A0A}.Release|x64.Build.0 = Release|x64
		{1CDDFF0D-3DDE-430C-8B59-796CE95F2A0A}.Release|x86.ActiveCfg = Release|Win32
		{1CDDFF0D-3DDE-430C-8B59-796CE95F2A0A}.Release|x86.Build.0 = Release|Win32
		{F35BE1CF-9343-4358-8B61-960CD861ABCE}.Debug|ARM.ActiveCfg = Debug|Win32
		{F35BE1CF-9343-4358-8B61-960CD861ABCE}.Debug|ARM64.ActiveCfg = Debug|Win32
		{F35BE1CF-9343-4358-8B61-960CD861ABCE}.Debug|x64.ActiveCfg = Debug|x64
		{F35BE1CF-9343-4358-8B61-960CD861ABCE}.Debug|x64.Build.0 = Debug|x64
		{F35BE1CF-9343-4358-8B61-960CD861ABCE}.Debug|x86.ActiveCfg = Debug|Win32
		{F35BE1CF-9343-4358-8B61-960CD861ABCE}.Debug|x86.Build.0 = Debug|Win32
		{F35BE1CF-9343-4358-8B61-960CD861ABCE}.Release|ARM.ActiveCfg = Release|Win32
		{F35BE1CF-9343-4358-8B61-960CD861ABCE}.Release|ARM64.ActiveCfg = Release|Win32
		{F35BE1CF-9343-4358-8B61-960CD861ABCE}.Release|x64.ActiveCfg = Release|x64
		{F35BE1CF-9343-4358-8B61-960CD861ABCE}.Release|x64.Build.0 = Release|x64
		{F35BE1CF-9343-4358-8B61-960CD861ABCE}.Release|x86.ActiveCfg = Release|Win32
		{F35BE1CF-9343-4358-8B61-960CD861ABCE}.Release|x86.Build.0 = Release|Win32
		{683B59BD-C05F-4CF6-AFC5-3B79DE4F8A18}.Debug|ARM.ActiveCfg = Debug|Win32
		{683B59BD-C05F-4CF6-AFC5-3B79DE4F8A18}.Debug|ARM64.ActiveCfg = Debug|Win32
		{683B59BD-C05F-4CF6-AFC5-3B79DE4F8A18}.Debug|x64.ActiveCfg = Debug|x64
		{683B59BD-C05F-4CF6-AFC5-3B79DE4F8A18}.Debug|x64.Build.0 = Debug|x64
		{683B59BD-C05F-4CF6-AFC5-3B79DE4F8A18}.Debug|x86.ActiveCfg = Debug|Win32
		{683B59BD-C05F-4CF6-AFC5-3B79DE4F8A18}.Debug|x86.Build.0 = Debug|Win32
		{683B59BD-C05F-4CF6-AFC5-3B79DE4F8A18}.Release|ARM.ActiveCfg = Release|Win32
		{683B59BD-C05F-4CF6-AFC5-3B79DE4F8A18}.Release|ARM64.ActiveCfg = Release|Win32
		{683B59BD-C05F-4CF6-AFC5-3B79DE4F8A18}.Release|x64.ActiveCfg = Release|x64
		{683B59BD-C05F-4CF6-AFC5-3B79DE4F8A18}.Release|x64.Build.0 = Release|x64
		{683B59BD-C05F-4CF6-AFC5-3B79DE4F8A18}.Release|x86.ActiveCfg = Release|Win32
		{683B59BD-C05F-4CF6-AFC5-3B79DE4F8A18}.Release|x86.Build.0 = Release|Win32
		{F99DC1EC-A6CF-4210-B27E-12EB6BA11838}.Debug|ARM.ActiveCfg = Debug|Win32
		{F99DC1EC-A6CF-4210-B27E-12EB6BA11838}.Debug|ARM64.ActiveCfg = Debug|Win32
		{F99DC1EC-A6CF-4210-B27E-12EB6BA11838}.Debug|x64.ActiveCfg = Debug|x64
		{F99DC1EC-A6CF-4210-B27E-12EB6BA11838}.Debug|x64.Build.0 = Debug|x64
		{F99DC1EC-A6CF-4210-B27E-12EB6BA11838}.Debug|x86.ActiveCfg = Debug|Win32
		{F99DC1EC-A6CF-4210-B27E-12EB6BA11838}.Debug|x86.Build.0 = Debug|Win32
		{F99DC1EC-A6CF-4210-B27E-12EB6BA11838}.Release|ARM.ActiveCfg = Release|Win32
		{F99DC1EC-A6CF-4210-B27E-12EB6BA11838}.Release|ARM64.ActiveCfg = Release|Win32
		{F99DC1EC-A6CF-4210-B27E-12EB6BA11838}.Release|x64.ActiveCfg = Release|x64
		{F99DC1EC-A6CF-4210-B27E-12EB6BA11838}.Release|x64.Build.0 = Release|x64
		{F99DC1EC-A6CF-4210-B27E-12EB6BA11838}.Release|x86.ActiveCfg = Release|Win32
		{F99DC1EC-A6CF-4210-B27E-12EB6BA11838}.Release|x86.Build.0 = Release|Win32
		{ACD76F5F-BDD0-45CD-9388-8F36D044CB81}.Debug|ARM.ActiveCfg = Debug|Win32
		{ACD76F5F-BDD0-45CD-9388-8F36D044CB81}.Debug|ARM64.ActiveCfg = Debug|Win32
		{ACD76F5F-BDD0-45CD-9388-8F36D044CB81}.Debug|x64.ActiveCfg = Debug|x64
		{ACD76F5F-BDD0-45CD-9388-8F36D044CB81}.Debug|x64.Build.0 = Debug|x64
		{ACD76F5F-BDD0-45CD-9388-8F36D044CB81}.Debug|x86.ActiveCfg = Debug|Win32
		{ACD76F5F-BDD0-45CD-9388-8F36D044CB81}.Debug|x86.Build.0 = Debug|Win32
		{ACD76F5F-BDD0-45CD-9388-8F36D044CB81}.Release|ARM.ActiveCfg = Release|Win32
		{ACD76F5F-BDD0-45CD-9388-8F36D044CB81}.Release|ARM64.ActiveCfg = Release|Win32
		{ACD76F5F-BDD0-45CD-9388-8F36D044CB81}.Release|x64.ActiveCfg = Release|x64
		{ACD76F5F-BDD0-45CD-9388-8F36D044CB81}.Release|x64.Build.0 = Release|x64
		{ACD76F5F-BDD0-45CD-9388-8F36D044CB81}.Release|x86.ActiveCfg = Release|Win32
		{ACD76F5F-BDD0-45CD-9388-8F36D044CB81}.Release|x86.Build.0 = Release|Win32
		{4EF33A78-4A27-42D7-8628-53C5634A5116}.Debug|ARM.ActiveCfg = Debug|Win32
		{4EF33A78-4A27-42D7-8628-53C5634A5116}.Debug|ARM64.ActiveCfg = Debug|Win32
		{4EF33A78-4A27-42D7-8628-53C5634A5116}.Debug|x64.ActiveCfg = Debug|x64
		{4EF33A78-4A27-42D7-8628-53C5634A5116}.Debug|x64.Build.0 = Debug|x64
		{4EF33A78-4A27-42D7-8628-53C5634A5116}.Debug|x86.ActiveCfg = Debug|Win32
		{4EF33A78-4A27-42D7-8628-53C5634A5116}.Debug|x86.Build.0 = Debug|Win32
		{4EF33A78-4A27-42D7-8628-53C5634A5116}.Release|ARM.ActiveCfg = Release|Win32
		{4EF33A78-4A27-42D7-8628-53C5634A5116}.Release|ARM64.ActiveCfg = Release|Win32
		{4EF33A78-4A27-42D7-8628-53C5634A5116}.Release|x64.ActiveCfg = Release|x64
		{4EF33A78-4A27-42D7-8628-53C5634A5116}.Release|x64.Build.0 = Release|x64
		{4EF33A78-4A27-42D7-8628-53C5634A5116}.Release|x86.ActiveCfg = Release|Win32
		{4EF33A78-4A27-42D7-8628-53C5634A5116}.Release|x86.Build.0 = Release|Win32
		{6AA38D1D-78A4-457D-BB92-34EEF3714ED2}.Debug|ARM.ActiveCfg = Debug|Win32
		{6AA38D1D-78A4-457D-BB92-34EEF3714ED2}.Debug|ARM64.ActiveCfg = Debug|Win32
		{6AA38D1D-78A4-457D-BB92-34EEF3714ED2}.Debug|x64.ActiveCfg = Debug|x64
		{6AA38D1D-78A4-457D-BB92-34EEF3714ED2}.Debug|x64.Build.0 = Debug|x64
		{6AA38D1D-78A4-457D-BB92-34EEF3714ED2}.Debug|x86.ActiveCfg = Debug|Win32
		{6AA38D1D-78A4-457D-BB92-34EEF3714ED2}.Debug|x86.Build.0 = Debug|Win32
		{6AA38D1D-78A4-457D-BB92-34EEF3714ED2}.Release|ARM.ActiveCfg = Release|Win32
		{6AA38D1D-78A4-457D-BB92-34EEF3714ED2}.Release|ARM64.ActiveCfg = Release|Win32
		{6AA38D1D-78A4-457D-BB92-34EEF3714ED2}.Release|x64.ActiveCfg = Release|x64
		{6AA38D1D-78A4-457D-BB92-34EEF3714ED2}.Release|x64.Build.0 = Release|x64
		{6AA38D1D-78A4-457D-BB92-34EEF3714ED2}.Release|x86.ActiveCfg = Release|Win32
		{6AA38D1D-78A4-457D-BB92-34EEF3714ED2}.Release|x86.Build.0 = Release|Win32
	EndGlobalSection
	GlobalSection(SolutionProperties) = preSolution
		HideSolutionNode = FALSE
	EndGlobalSection
	GlobalSection(ExtensibilityGlobals) = postSolution
		SolutionGuid = {3A71580C-C504-4F03-98EE-AE3EAC697899}
	EndGlobalSection
EndGlobal
